
Microsoft Visual Studio Solution File, Format Version 12.00
# Visual Studio Version 17
VisualStudioVersion = 17.5.33516.290
MinimumVisualStudioVersion = 10.0.40219.1
Project("{FAE04EC0-301F-11D3-BF4B-00C04F79EFBC}") = "BulkyBookWeb", "BulkyBookWeb\BulkyBookWeb.csproj", "{C82EE888-2F1D-4C9A-AFC9-03B42CB183DA}"
EndProject
Global
	GlobalSection(SolutionConfigurationPlatforms) = preSolution
		Debug|Any CPU = Debug|Any CPU
		Release|Any CPU = Release|Any CPU
	EndGlobalSection
	GlobalSection(ProjectConfigurationPlatforms) = postSolution
		{C82EE888-2F1D-4C9A-AFC9-03B42CB183DA}.Debug|Any CPU.ActiveCfg = Debug|Any CPU
		{C82EE888-2F1D-4C9A-AFC9-03B42CB183DA}.Debug|Any CPU.Build.0 = Debug|Any CPU
		{C82EE888-2F1D-4C9A-AFC9-03B42CB183DA}.Release|Any CPU.ActiveCfg = Release|Any CPU
		{C82EE888-2F1D-4C9A-AFC9-03B42CB183DA}.Release|Any CPU.Build.0 = Release|Any CPU
	EndGlobalSection
	GlobalSection(SolutionProperties) = preSolution
		HideSolutionNode = FALSE
	EndGlobalSection
	GlobalSection(ExtensibilityGlobals) = postSolution
		SolutionGuid = {AADBE529-AEA4-4FE1-90FB-85EA2C192DCE}
	EndGlobalSection
EndGlobal
